
Microsoft Visual Studio Solution File, Format Version 12.00
# Visual Studio Version 16
VisualStudioVersion = 16.0.31205.134
MinimumVisualStudioVersion = 10.0.40219.1
Project("{FAE04EC0-301F-11D3-BF4B-00C04F79EFBC}") = "Paint", "Paint\Paint.csproj", "{4F24FC50-AD37-4317-AA4F-69C43212D9CF}"
EndProject
Project("{FAE04EC0-301F-11D3-BF4B-00C04F79EFBC}") = "EventPlanning", "EventPlanning\EventPlanning.csproj", "{0E557BAA-5500-4800-9539-B734098974A6}"
EndProject
Global
	GlobalSection(SolutionConfigurationPlatforms) = preSolution
		Debug|Any CPU = Debug|Any CPU
		Release|Any CPU = Release|Any CPU
	EndGlobalSection
	GlobalSection(ProjectConfigurationPlatforms) = postSolution
		{4F24FC50-AD37-4317-AA4F-69C43212D9CF}.Debug|Any CPU.ActiveCfg = Debug|Any CPU
		{4F24FC50-AD37-4317-AA4F-69C43212D9CF}.Debug|Any CPU.Build.0 = Debug|Any CPU
		{4F24FC50-AD37-4317-AA4F-69C43212D9CF}.Release|Any CPU.ActiveCfg = Release|Any CPU
		{4F24FC50-AD37-4317-AA4F-69C43212D9CF}.Release|Any CPU.Build.0 = Release|Any CPU
		{0E557BAA-5500-4800-9539-B734098974A6}.Debug|Any CPU.ActiveCfg = Debug|Any CPU
		{0E557BAA-5500-4800-9539-B734098974A6}.Debug|Any CPU.Build.0 = Debug|Any CPU
		{0E557BAA-5500-4800-9539-B734098974A6}.Release|Any CPU.ActiveCfg = Release|Any CPU
		{0E557BAA-5500-4800-9539-B734098974A6}.Release|Any CPU.Build.0 = Release|Any CPU
	EndGlobalSection
	GlobalSection(SolutionProperties) = preSolution
		HideSolutionNode = FALSE
	EndGlobalSection
	GlobalSection(ExtensibilityGlobals) = postSolution
		SolutionGuid = {B4B34D95-4845-48C7-8357-2B4DD8ACA855}
	EndGlobalSection
EndGlobal
