
Microsoft Visual Studio Solution File, Format Version 12.00
# Visual Studio Version 16
VisualStudioVersion = 16.0.30413.136
MinimumVisualStudioVersion = 10.0.40219.1
Project("{FAE04EC0-301F-11D3-BF4B-00C04F79EFBC}") = "SpiderTrap", "SpiderTrap\SpiderTrap.csproj", "{B94F7657-B648-49EB-BEDA-D0F3B480EA20}"
EndProject
Global
	GlobalSection(SolutionConfigurationPlatforms) = preSolution
		Debug|Any CPU = Debug|Any CPU
		Release|Any CPU = Release|Any CPU
	EndGlobalSection
	GlobalSection(ProjectConfigurationPlatforms) = postSolution
		{B94F7657-B648-49EB-BEDA-D0F3B480EA20}.Debug|Any CPU.ActiveCfg = Debug|Any CPU
		{B94F7657-B648-49EB-BEDA-D0F3B480EA20}.Debug|Any CPU.Build.0 = Debug|Any CPU
		{B94F7657-B648-49EB-BEDA-D0F3B480EA20}.Release|Any CPU.ActiveCfg = Release|Any CPU
		{B94F7657-B648-49EB-BEDA-D0F3B480EA20}.Release|Any CPU.Build.0 = Release|Any CPU
	EndGlobalSection
	GlobalSection(SolutionProperties) = preSolution
		HideSolutionNode = FALSE
	EndGlobalSection
	GlobalSection(ExtensibilityGlobals) = postSolution
		SolutionGuid = {78827DBB-F3B8-45D0-97D7-02362F050DAA}
	EndGlobalSection
EndGlobal
